// !$*UTF8*$!
{
	archiveVersion = 1;
	classes = {
	};
	objectVersion = 50;
	objects = {

/* Begin PBXBuildFile section */
		3F15A7B422DC7EE600B814CF /* main.cpp in Sources */ = {isa = PBXBuildFile; fileRef = 3F15A7B322DC7EE600B814CF /* main.cpp */; };
		3F743C8B22DBBC4B002E0512 /* main.cpp in Sources */ = {isa = PBXBuildFile; fileRef = 3F743C8A22DBBC4B002E0512 /* main.cpp */; };
		3F9BA66022EA117E0088B46C /* main.cpp in Sources */ = {isa = PBXBuildFile; fileRef = 3F9BA65F22EA117E0088B46C /* main.cpp */; };
		3F9BA66B22EA27B30088B46C /* main.cpp in Sources */ = {isa = PBXBuildFile; fileRef = 3F9BA66A22EA27B30088B46C /* main.cpp */; };
/* End PBXBuildFile section */

/* Begin PBXCopyFilesBuildPhase section */
		3F15A7AF22DC7EE500B814CF /* CopyFiles */ = {
			isa = PBXCopyFilesBuildPhase;
			buildActionMask = 2147483647;
			dstPath = /usr/share/man/man1/;
			dstSubfolderSpec = 0;
			files = (
			);
			runOnlyForDeploymentPostprocessing = 1;
		};
		3F743C8522DBBC4A002E0512 /* CopyFiles */ = {
			isa = PBXCopyFilesBuildPhase;
			buildActionMask = 2147483647;
			dstPath = /usr/share/man/man1/;
			dstSubfolderSpec = 0;
			files = (
			);
			runOnlyForDeploymentPostprocessing = 1;
		};
		3F9BA65B22EA117E0088B46C /* CopyFiles */ = {
			isa = PBXCopyFilesBuildPhase;
			buildActionMask = 2147483647;
			dstPath = /usr/share/man/man1/;
			dstSubfolderSpec = 0;
			files = (
			);
			runOnlyForDeploymentPostprocessing = 1;
		};
		3F9BA66622EA27B30088B46C /* CopyFiles */ = {
			isa = PBXCopyFilesBuildPhase;
			buildActionMask = 2147483647;
			dstPath = /usr/share/man/man1/;
			dstSubfolderSpec = 0;
			files = (
			);
			runOnlyForDeploymentPostprocessing = 1;
		};
/* End PBXCopyFilesBuildPhase section */

/* Begin PBXFileReference section */
		3F15A7B122DC7EE500B814CF /* C_wk4_simple */ = {isa = PBXFileReference; explicitFileType = "compiled.mach-o.executable"; includeInIndex = 0; path = C_wk4_simple; sourceTree = BUILT_PRODUCTS_DIR; };
		3F15A7B322DC7EE600B814CF /* main.cpp */ = {isa = PBXFileReference; lastKnownFileType = sourcecode.cpp.cpp; path = main.cpp; sourceTree = "<group>"; };
		3F743C8722DBBC4A002E0512 /* CppStudy */ = {isa = PBXFileReference; explicitFileType = "compiled.mach-o.executable"; includeInIndex = 0; path = CppStudy; sourceTree = BUILT_PRODUCTS_DIR; };
		3F743C8A22DBBC4B002E0512 /* main.cpp */ = {isa = PBXFileReference; lastKnownFileType = sourcecode.cpp.cpp; path = main.cpp; sourceTree = "<group>"; };
		3F9BA65D22EA117E0088B46C /* cpp4finwk1 */ = {isa = PBXFileReference; explicitFileType = "compiled.mach-o.executable"; includeInIndex = 0; path = cpp4finwk1; sourceTree = BUILT_PRODUCTS_DIR; };
		3F9BA65F22EA117E0088B46C /* main.cpp */ = {isa = PBXFileReference; lastKnownFileType = sourcecode.cpp.cpp; path = main.cpp; sourceTree = "<group>"; };
		3F9BA66822EA27B30088B46C /* cpp4finwk2 */ = {isa = PBXFileReference; explicitFileType = "compiled.mach-o.executable"; includeInIndex = 0; path = cpp4finwk2; sourceTree = BUILT_PRODUCTS_DIR; };
		3F9BA66A22EA27B30088B46C /* main.cpp */ = {isa = PBXFileReference; lastKnownFileType = sourcecode.cpp.cpp; path = main.cpp; sourceTree = "<group>"; };
/* End PBXFileReference section */

/* Begin PBXFrameworksBuildPhase section */
		3F15A7AE22DC7EE500B814CF /* Frameworks */ = {
			isa = PBXFrameworksBuildPhase;
			buildActionMask = 2147483647;
			files = (
			);
			runOnlyForDeploymentPostprocessing = 0;
		};
		3F743C8422DBBC4A002E0512 /* Frameworks */ = {
			isa = PBXFrameworksBuildPhase;
			buildActionMask = 2147483647;
			files = (
			);
			runOnlyForDeploymentPostprocessing = 0;
		};
		3F9BA65A22EA117E0088B46C /* Frameworks */ = {
			isa = PBXFrameworksBuildPhase;
			buildActionMask = 2147483647;
			files = (
			);
			runOnlyForDeploymentPostprocessing = 0;
		};
		3F9BA66522EA27B30088B46C /* Frameworks */ = {
			isa = PBXFrameworksBuildPhase;
			buildActionMask = 2147483647;
			files = (
			);
			runOnlyForDeploymentPostprocessing = 0;
		};
/* End PBXFrameworksBuildPhase section */

/* Begin PBXGroup section */
		3F15A7B222DC7EE600B814CF /* C_wk4_simple */ = {
			isa = PBXGroup;
			children = (
				3F15A7B322DC7EE600B814CF /* main.cpp */,
			);
			path = C_wk4_simple;
			sourceTree = "<group>";
		};
		3F743C7E22DBBC4A002E0512 = {
			isa = PBXGroup;
			children = (
				3F743C8922DBBC4A002E0512 /* CppStudy */,
				3F15A7B222DC7EE600B814CF /* C_wk4_simple */,
				3F9BA65E22EA117E0088B46C /* cpp4finwk1 */,
				3F9BA66922EA27B30088B46C /* cpp4finwk2 */,
				3F743C8822DBBC4A002E0512 /* Products */,
			);
			sourceTree = "<group>";
		};
		3F743C8822DBBC4A002E0512 /* Products */ = {
			isa = PBXGroup;
			children = (
				3F743C8722DBBC4A002E0512 /* CppStudy */,
				3F15A7B122DC7EE500B814CF /* C_wk4_simple */,
				3F9BA65D22EA117E0088B46C /* cpp4finwk1 */,
				3F9BA66822EA27B30088B46C /* cpp4finwk2 */,
			);
			name = Products;
			sourceTree = "<group>";
		};
		3F743C8922DBBC4A002E0512 /* CppStudy */ = {
			isa = PBXGroup;
			children = (
				3F743C8A22DBBC4B002E0512 /* main.cpp */,
			);
			path = CppStudy;
			sourceTree = "<group>";
		};
		3F9BA65E22EA117E0088B46C /* cpp4finwk1 */ = {
			isa = PBXGroup;
			children = (
				3F9BA65F22EA117E0088B46C /* main.cpp */,
			);
			path = cpp4finwk1;
			sourceTree = "<group>";
		};
		3F9BA66922EA27B30088B46C /* cpp4finwk2 */ = {
			isa = PBXGroup;
			children = (
				3F9BA66A22EA27B30088B46C /* main.cpp */,
			);
			path = cpp4finwk2;
			sourceTree = "<group>";
		};
/* End PBXGroup section */

/* Begin PBXNativeTarget section */
		3F15A7B022DC7EE500B814CF /* C_wk4_simple */ = {
			isa = PBXNativeTarget;
			buildConfigurationList = 3F15A7B522DC7EE600B814CF /* Build configuration list for PBXNativeTarget "C_wk4_simple" */;
			buildPhases = (
				3F15A7AD22DC7EE500B814CF /* Sources */,
				3F15A7AE22DC7EE500B814CF /* Frameworks */,
				3F15A7AF22DC7EE500B814CF /* CopyFiles */,
			);
			buildRules = (
			);
			dependencies = (
			);
			name = C_wk4_simple;
			productName = C_wk4_simple;
			productReference = 3F15A7B122DC7EE500B814CF /* C_wk4_simple */;
			productType = "com.apple.product-type.tool";
		};
		3F743C8622DBBC4A002E0512 /* CppStudy */ = {
			isa = PBXNativeTarget;
			buildConfigurationList = 3F743C8E22DBBC4B002E0512 /* Build configuration list for PBXNativeTarget "CppStudy" */;
			buildPhases = (
				3F743C8322DBBC4A002E0512 /* Sources */,
				3F743C8422DBBC4A002E0512 /* Frameworks */,
				3F743C8522DBBC4A002E0512 /* CopyFiles */,
			);
			buildRules = (
			);
			dependencies = (
			);
			name = CppStudy;
			productName = CppStudy;
			productReference = 3F743C8722DBBC4A002E0512 /* CppStudy */;
			productType = "com.apple.product-type.tool";
		};
		3F9BA65C22EA117E0088B46C /* cpp4finwk1 */ = {
			isa = PBXNativeTarget;
			buildConfigurationList = 3F9BA66322EA117E0088B46C /* Build configuration list for PBXNativeTarget "cpp4finwk1" */;
			buildPhases = (
				3F9BA65922EA117E0088B46C /* Sources */,
				3F9BA65A22EA117E0088B46C /* Frameworks */,
				3F9BA65B22EA117E0088B46C /* CopyFiles */,
			);
			buildRules = (
			);
			dependencies = (
			);
			name = cpp4finwk1;
			productName = cpp4finwk1;
			productReference = 3F9BA65D22EA117E0088B46C /* cpp4finwk1 */;
			productType = "com.apple.product-type.tool";
		};
		3F9BA66722EA27B30088B46C /* cpp4finwk2 */ = {
			isa = PBXNativeTarget;
			buildConfigurationList = 3F9BA66C22EA27B30088B46C /* Build configuration list for PBXNativeTarget "cpp4finwk2" */;
			buildPhases = (
				3F9BA66422EA27B30088B46C /* Sources */,
				3F9BA66522EA27B30088B46C /* Frameworks */,
				3F9BA66622EA27B30088B46C /* CopyFiles */,
			);
			buildRules = (
			);
			dependencies = (
			);
			name = cpp4finwk2;
			productName = cpp4finwk2;
			productReference = 3F9BA66822EA27B30088B46C /* cpp4finwk2 */;
			productType = "com.apple.product-type.tool";
		};
/* End PBXNativeTarget section */

/* Begin PBXProject section */
		3F743C7F22DBBC4A002E0512 /* Project object */ = {
			isa = PBXProject;
			attributes = {
				LastUpgradeCheck = 1020;
				ORGANIZATIONNAME = zsz;
				TargetAttributes = {
					3F15A7B022DC7EE500B814CF = {
						CreatedOnToolsVersion = 10.2.1;
					};
					3F743C8622DBBC4A002E0512 = {
						CreatedOnToolsVersion = 10.2.1;
					};
					3F9BA65C22EA117E0088B46C = {
						CreatedOnToolsVersion = 10.2.1;
					};
					3F9BA66722EA27B30088B46C = {
						CreatedOnToolsVersion = 10.2.1;
					};
				};
			};
			buildConfigurationList = 3F743C8222DBBC4A002E0512 /* Build configuration list for PBXProject "CppStudy" */;
			compatibilityVersion = "Xcode 9.3";
			developmentRegion = en;
			hasScannedForEncodings = 0;
			knownRegions = (
				en,
			);
			mainGroup = 3F743C7E22DBBC4A002E0512;
			productRefGroup = 3F743C8822DBBC4A002E0512 /* Products */;
			projectDirPath = "";
			projectRoot = "";
			targets = (
				3F743C8622DBBC4A002E0512 /* CppStudy */,
				3F15A7B022DC7EE500B814CF /* C_wk4_simple */,
				3F9BA65C22EA117E0088B46C /* cpp4finwk1 */,
				3F9BA66722EA27B30088B46C /* cpp4finwk2 */,
			);
		};
/* End PBXProject section */

/* Begin PBXSourcesBuildPhase section */
		3F15A7AD22DC7EE500B814CF /* Sources */ = {
			isa = PBXSourcesBuildPhase;
			buildActionMask = 2147483647;
			files = (
				3F15A7B422DC7EE600B814CF /* main.cpp in Sources */,
			);
			runOnlyForDeploymentPostprocessing = 0;
		};
		3F743C8322DBBC4A002E0512 /* Sources */ = {
			isa = PBXSourcesBuildPhase;
			buildActionMask = 2147483647;
			files = (
				3F743C8B22DBBC4B002E0512 /* main.cpp in Sources */,
			);
			runOnlyForDeploymentPostprocessing = 0;
		};
		3F9BA65922EA117E0088B46C /* Sources */ = {
			isa = PBXSourcesBuildPhase;
			buildActionMask = 2147483647;
			files = (
				3F9BA66022EA117E0088B46C /* main.cpp in Sources */,
			);
			runOnlyForDeploymentPostprocessing = 0;
		};
		3F9BA66422EA27B30088B46C /* Sources */ = {
			isa = PBXSourcesBuildPhase;
			buildActionMask = 2147483647;
			files = (
				3F9BA66B22EA27B30088B46C /* main.cpp in Sources */,
			);
			runOnlyForDeploymentPostprocessing = 0;
		};
/* End PBXSourcesBuildPhase section */

/* Begin XCBuildConfiguration section */
		3F15A7B622DC7EE600B814CF /* Debug */ = {
			isa = XCBuildConfiguration;
			buildSettings = {
				CODE_SIGN_STYLE = Automatic;
				PRODUCT_NAME = "$(TARGET_NAME)";
			};
			name = Debug;
		};
		3F15A7B722DC7EE600B814CF /* Release */ = {
			isa = XCBuildConfiguration;
			buildSettings = {
				CODE_SIGN_STYLE = Automatic;
				PRODUCT_NAME = "$(TARGET_NAME)";
			};
			name = Release;
		};
		3F743C8C22DBBC4B002E0512 /* Debug */ = {
			isa = XCBuildConfiguration;
			buildSettings = {
				ALWAYS_SEARCH_USER_PATHS = NO;
				CLANG_ANALYZER_NONNULL = YES;
				CLANG_ANALYZER_NUMBER_OBJECT_CONVERSION = YES_AGGRESSIVE;
				CLANG_CXX_LANGUAGE_STANDARD = "gnu++14";
				CLANG_CXX_LIBRARY = "libc++";
				CLANG_ENABLE_MODULES = YES;
				CLANG_ENABLE_OBJC_ARC = YES;
				CLANG_ENABLE_OBJC_WEAK = YES;
				CLANG_WARN_BLOCK_CAPTURE_AUTORELEASING = YES;
				CLANG_WARN_BOOL_CONVERSION = YES;
				CLANG_WARN_COMMA = YES;
				CLANG_WARN_CONSTANT_CONVERSION = YES;
				CLANG_WARN_DEPRECATED_OBJC_IMPLEMENTATIONS = YES;
				CLANG_WARN_DIRECT_OBJC_ISA_USAGE = YES_ERROR;
				CLANG_WARN_DOCUMENTATION_COMMENTS = YES;
				CLANG_WARN_EMPTY_BODY = YES;
				CLANG_WARN_ENUM_CONVERSION = YES;
				CLANG_WARN_INFINITE_RECURSION = YES;
				CLANG_WARN_INT_CONVERSION = YES;
				CLANG_WARN_NON_LITERAL_NULL_CONVERSION = YES;
				CLANG_WARN_OBJC_IMPLICIT_RETAIN_SELF = YES;
				CLANG_WARN_OBJC_LITERAL_CONVERSION = YES;
				CLANG_WARN_OBJC_ROOT_CLASS = YES_ERROR;
				CLANG_WARN_RANGE_LOOP_ANALYSIS = YES;
				CLANG_WARN_STRICT_PROTOTYPES = YES;
				CLANG_WARN_SUSPICIOUS_MOVE = YES;
				CLANG_WARN_UNGUARDED_AVAILABILITY = YES_AGGRESSIVE;
				CLANG_WARN_UNREACHABLE_CODE = YES;
				CLANG_WARN__DUPLICATE_METHOD_MATCH = YES;
				CODE_SIGN_IDENTITY = "-";
				COPY_PHASE_STRIP = NO;
				DEBUG_INFORMATION_FORMAT = dwarf;
				ENABLE_STRICT_OBJC_MSGSEND = YES;
				ENABLE_TESTABILITY = YES;
				GCC_C_LANGUAGE_STANDARD = gnu11;
				GCC_DYNAMIC_NO_PIC = NO;
				GCC_NO_COMMON_BLOCKS = YES;
				GCC_OPTIMIZATION_LEVEL = 0;
				GCC_PREPROCESSOR_DEFINITIONS = (
					"DEBUG=1",
					"$(inherited)",
				);
				GCC_WARN_64_TO_32_BIT_CONVERSION = YES;
				GCC_WARN_ABOUT_RETURN_TYPE = YES_ERROR;
				GCC_WARN_UNDECLARED_SELECTOR = YES;
				GCC_WARN_UNINITIALIZED_AUTOS = YES_AGGRESSIVE;
				GCC_WARN_UNUSED_FUNCTION = YES;
				GCC_WARN_UNUSED_VARIABLE = YES;
				MACOSX_DEPLOYMENT_TARGET = 10.14;
				MTL_ENABLE_DEBUG_INFO = INCLUDE_SOURCE;
				MTL_FAST_MATH = YES;
				ONLY_ACTIVE_ARCH = YES;
				SDKROOT = macosx;
			};
			name = Debug;
		};
		3F743C8D22DBBC4B002E0512 /* Release */ = {
			isa = XCBuildConfiguration;
			buildSettings = {
				ALWAYS_SEARCH_USER_PATHS = NO;
				CLANG_ANALYZER_NONNULL = YES;
				CLANG_ANALYZER_NUMBER_OBJECT_CONVERSION = YES_AGGRESSIVE;
				CLANG_CXX_LANGUAGE_STANDARD = "gnu++14";
				CLANG_CXX_LIBRARY = "libc++";
				CLANG_ENABLE_MODULES = YES;
				CLANG_ENABLE_OBJC_ARC = YES;
				CLANG_ENABLE_OBJC_WEAK = YES;
				CLANG_WARN_BLOCK_CAPTURE_AUTORELEASING = YES;
				CLANG_WARN_BOOL_CONVERSION = YES;
				CLANG_WARN_COMMA = YES;
				CLANG_WARN_CONSTANT_CONVERSION = YES;
				CLANG_WARN_DEPRECATED_OBJC_IMPLEMENTATIONS = YES;
				CLANG_WARN_DIRECT_OBJC_ISA_USAGE = YES_ERROR;
				CLANG_WARN_DOCUMENTATION_COMMENTS = YES;
				CLANG_WARN_EMPTY_BODY = YES;
				CLANG_WARN_ENUM_CONVERSION = YES;
				CLANG_WARN_INFINITE_RECURSION = YES;
				CLANG_WARN_INT_CONVERSION = YES;
				CLANG_WARN_NON_LITERAL_NULL_CONVERSION = YES;
				CLANG_WARN_OBJC_IMPLICIT_RETAIN_SELF = YES;
				CLANG_WARN_OBJC_LITERAL_CONVERSION = YES;
				CLANG_WARN_OBJC_ROOT_CLASS = YES_ERROR;
				CLANG_WARN_RANGE_LOOP_ANALYSIS = YES;
				CLANG_WARN_STRICT_PROTOTYPES = YES;
				CLANG_WARN_SUSPICIOUS_MOVE = YES;
				CLANG_WARN_UNGUARDED_AVAILABILITY = YES_AGGRESSIVE;
				CLANG_WARN_UNREACHABLE_CODE = YES;
				CLANG_WARN__DUPLICATE_METHOD_MATCH = YES;
				CODE_SIGN_IDENTITY = "-";
				COPY_PHASE_STRIP = NO;
				DEBUG_INFORMATION_FORMAT = "dwarf-with-dsym";
				ENABLE_NS_ASSERTIONS = NO;
				ENABLE_STRICT_OBJC_MSGSEND = YES;
				GCC_C_LANGUAGE_STANDARD = gnu11;
				GCC_NO_COMMON_BLOCKS = YES;
				GCC_WARN_64_TO_32_BIT_CONVERSION = YES;
				GCC_WARN_ABOUT_RETURN_TYPE = YES_ERROR;
				GCC_WARN_UNDECLARED_SELECTOR = YES;
				GCC_WARN_UNINITIALIZED_AUTOS = YES_AGGRESSIVE;
				GCC_WARN_UNUSED_FUNCTION = YES;
				GCC_WARN_UNUSED_VARIABLE = YES;
				MACOSX_DEPLOYMENT_TARGET = 10.14;
				MTL_ENABLE_DEBUG_INFO = NO;
				MTL_FAST_MATH = YES;
				SDKROOT = macosx;
			};
			name = Release;
		};
		3F743C8F22DBBC4B002E0512 /* Debug */ = {
			isa = XCBuildConfiguration;
			buildSettings = {
				CODE_SIGN_STYLE = Automatic;
				PRODUCT_NAME = "$(TARGET_NAME)";
			};
			name = Debug;
		};
		3F743C9022DBBC4B002E0512 /* Release */ = {
			isa = XCBuildConfiguration;
			buildSettings = {
				CODE_SIGN_STYLE = Automatic;
				PRODUCT_NAME = "$(TARGET_NAME)";
			};
			name = Release;
		};
		3F9BA66122EA117E0088B46C /* Debug */ = {
			isa = XCBuildConfiguration;
			buildSettings = {
				CODE_SIGN_STYLE = Automatic;
				PRODUCT_NAME = "$(TARGET_NAME)";
			};
			name = Debug;
		};
		3F9BA66222EA117E0088B46C /* Release */ = {
			isa = XCBuildConfiguration;
			buildSettings = {
				CODE_SIGN_STYLE = Automatic;
				PRODUCT_NAME = "$(TARGET_NAME)";
			};
			name = Release;
		};
		3F9BA66D22EA27B30088B46C /* Debug */ = {
			isa = XCBuildConfiguration;
			buildSettings = {
				CODE_SIGN_STYLE = Automatic;
				PRODUCT_NAME = "$(TARGET_NAME)";
			};
			name = Debug;
		};
		3F9BA66E22EA27B30088B46C /* Release */ = {
			isa = XCBuildConfiguration;
			buildSettings = {
				CODE_SIGN_STYLE = Automatic;
				PRODUCT_NAME = "$(TARGET_NAME)";
			};
			name = Release;
		};
/* End XCBuildConfiguration section */

/* Begin XCConfigurationList section */
		3F15A7B522DC7EE600B814CF /* Build configuration list for PBXNativeTarget "C_wk4_simple" */ = {
			isa = XCConfigurationList;
			buildConfigurations = (
				3F15A7B622DC7EE600B814CF /* Debug */,
				3F15A7B722DC7EE600B814CF /* Release */,
			);
			defaultConfigurationIsVisible = 0;
			defaultConfigurationName = Release;
		};
		3F743C8222DBBC4A002E0512 /* Build configuration list for PBXProject "CppStudy" */ = {
			isa = XCConfigurationList;
			buildConfigurations = (
				3F743C8C22DBBC4B002E0512 /* Debug */,
				3F743C8D22DBBC4B002E0512 /* Release */,
			);
			defaultConfigurationIsVisible = 0;
			defaultConfigurationName = Release;
		};
		3F743C8E22DBBC4B002E0512 /* Build configuration list for PBXNativeTarget "CppStudy" */ = {
			isa = XCConfigurationList;
			buildConfigurations = (
				3F743C8F22DBBC4B002E0512 /* Debug */,
				3F743C9022DBBC4B002E0512 /* Release */,
			);
			defaultConfigurationIsVisible = 0;
			defaultConfigurationName = Release;
		};
		3F9BA66322EA117E0088B46C /* Build configuration list for PBXNativeTarget "cpp4finwk1" */ = {
			isa = XCConfigurationList;
			buildConfigurations = (
				3F9BA66122EA117E0088B46C /* Debug */,
				3F9BA66222EA117E0088B46C /* Release */,
			);
			defaultConfigurationIsVisible = 0;
			defaultConfigurationName = Release;
		};
		3F9BA66C22EA27B30088B46C /* Build configuration list for PBXNativeTarget "cpp4finwk2" */ = {
			isa = XCConfigurationList;
			buildConfigurations = (
				3F9BA66D22EA27B30088B46C /* Debug */,
				3F9BA66E22EA27B30088B46C /* Release */,
			);
			defaultConfigurationIsVisible = 0;
			defaultConfigurationName = Release;
		};
/* End XCConfigurationList section */
	};
	rootObject = 3F743C7F22DBBC4A002E0512 /* Project object */;
}
